// !$*UTF8*$!
{
	archiveVersion = 1;
	classes = {
	};
	objectVersion = 51;
	objects = {

/* Begin PBXBuildFile section */
		3C4A06D423E5EF5500569BF7 /* AppDelegate.swift in Sources */ = {isa = PBXBuildFile; fileRef = 3C4A06D323E5EF5500569BF7 /* AppDelegate.swift */; };
		3C4A06D623E5EF5500569BF7 /* SceneDelegate.swift in Sources */ = {isa = PBXBuildFile; fileRef = 3C4A06D523E5EF5500569BF7 /* SceneDelegate.swift */; };
		3C4A06D823E5EF5500569BF7 /* LoginViewController.swift in Sources */ = {isa = PBXBuildFile; fileRef = 3C4A06D723E5EF5500569BF7 /* LoginViewController.swift */; };
		3C4A06DB23E5EF5500569BF7 /* Main.storyboard in Resources */ = {isa = PBXBuildFile; fileRef = 3C4A06D923E5EF5500569BF7 /* Main.storyboard */; };
		3C4A06DD23E5EF5900569BF7 /* Assets.xcassets in Resources */ = {isa = PBXBuildFile; fileRef = 3C4A06DC23E5EF5900569BF7 /* Assets.xcassets */; };
		3C4A06E023E5EF5900569BF7 /* LaunchScreen.storyboard in Resources */ = {isa = PBXBuildFile; fileRef = 3C4A06DE23E5EF5900569BF7 /* LaunchScreen.storyboard */; };
		3C566696242932F400DB5CF0 /* DataBase.swift in Sources */ = {isa = PBXBuildFile; fileRef = 3C566695242932F400DB5CF0 /* DataBase.swift */; };
		3C5EF174243B348800AA2217 /* GoogleService-Info.plist in Resources */ = {isa = PBXBuildFile; fileRef = 3C5EF173243B348800AA2217 /* GoogleService-Info.plist */; };
		3C9E8D9F23FED75C00CD2773 /* NewsTableViewController.swift in Sources */ = {isa = PBXBuildFile; fileRef = 3C9E8D9E23FED75C00CD2773 /* NewsTableViewController.swift */; };
		3C9E8DA123FEDC8600CD2773 /* TitleNewsTableViewCell.swift in Sources */ = {isa = PBXBuildFile; fileRef = 3C9E8DA023FEDC8600CD2773 /* TitleNewsTableViewCell.swift */; };
		3C9E8DA323FEDC9C00CD2773 /* TextTableViewCell.swift in Sources */ = {isa = PBXBuildFile; fileRef = 3C9E8DA223FEDC9C00CD2773 /* TextTableViewCell.swift */; };
		3C9E8DA523FEDCAE00CD2773 /* PictureTableViewCell.swift in Sources */ = {isa = PBXBuildFile; fileRef = 3C9E8DA423FEDCAE00CD2773 /* PictureTableViewCell.swift */; };
		3C9E8DA723FEDCE400CD2773 /* LikesTableViewCell.swift in Sources */ = {isa = PBXBuildFile; fileRef = 3C9E8DA623FEDCE400CD2773 /* LikesTableViewCell.swift */; };
		3C9E8DA923FF18FB00CD2773 /* CustomLineOfNews.swift in Sources */ = {isa = PBXBuildFile; fileRef = 3C9E8DA823FF18FB00CD2773 /* CustomLineOfNews.swift */; };
		3C9E8DAC2402863A00CD2773 /* CustomIndicator.swift in Sources */ = {isa = PBXBuildFile; fileRef = 3C9E8DAB2402863A00CD2773 /* CustomIndicator.swift */; };
		3C9E8DAE2406D28400CD2773 /* PhotoAlbum.swift in Sources */ = {isa = PBXBuildFile; fileRef = 3C9E8DAD2406D28400CD2773 /* PhotoAlbum.swift */; };
		3C9E8DB1240D5E8A00CD2773 /* CustomNavigationController.swift in Sources */ = {isa = PBXBuildFile; fileRef = 3C9E8DB0240D5E8A00CD2773 /* CustomNavigationController.swift */; };
		3C9E8DB3240D634F00CD2773 /* CustomPopPushTransitioning.swift in Sources */ = {isa = PBXBuildFile; fileRef = 3C9E8DB2240D634F00CD2773 /* CustomPopPushTransitioning.swift */; };
		3C9E8DB5240EBD7600CD2773 /* CustomInteractiveTransition.swift in Sources */ = {isa = PBXBuildFile; fileRef = 3C9E8DB4240EBD7600CD2773 /* CustomInteractiveTransition.swift */; };
		3CA5AC78241957A000C3D62E /* Session.swift in Sources */ = {isa = PBXBuildFile; fileRef = 3CA5AC77241957A000C3D62E /* Session.swift */; };
		3CB800C52430C70A0082A87F /* WebKit.framework in Frameworks */ = {isa = PBXBuildFile; fileRef = 3CB800C42430C70A0082A87F /* WebKit.framework */; };
		3CCD967723EEE7190019BEA9 /* FriendsController.swift in Sources */ = {isa = PBXBuildFile; fileRef = 3CCD967623EEE7190019BEA9 /* FriendsController.swift */; };
		3CCD967A23EEE8AC0019BEA9 /* FriendsTableViewCell.swift in Sources */ = {isa = PBXBuildFile; fileRef = 3CCD967923EEE8AC0019BEA9 /* FriendsTableViewCell.swift */; };
		3CCD967D23EEE9E90019BEA9 /* MyGroupCell.swift in Sources */ = {isa = PBXBuildFile; fileRef = 3CCD967C23EEE9E90019BEA9 /* MyGroupCell.swift */; };
		3CCD967F23EEE9FD0019BEA9 /* GroupCell.swift in Sources */ = {isa = PBXBuildFile; fileRef = 3CCD967E23EEE9FD0019BEA9 /* GroupCell.swift */; };
		3CCD968123EEEA150019BEA9 /* MyGroupController.swift in Sources */ = {isa = PBXBuildFile; fileRef = 3CCD968023EEEA150019BEA9 /* MyGroupController.swift */; };
		3CCD968323EEEA270019BEA9 /* GroupController.swift in Sources */ = {isa = PBXBuildFile; fileRef = 3CCD968223EEEA270019BEA9 /* GroupController.swift */; };
		3CCD968523EEF2DA0019BEA9 /* Friends.swift in Sources */ = {isa = PBXBuildFile; fileRef = 3CCD968423EEF2DA0019BEA9 /* Friends.swift */; };
		3CCD968723EEF2F20019BEA9 /* Group.swift in Sources */ = {isa = PBXBuildFile; fileRef = 3CCD968623EEF2F20019BEA9 /* Group.swift */; };
		3CCD968923F1D7A00019BEA9 /* FriendsCollectionViewController.swift in Sources */ = {isa = PBXBuildFile; fileRef = 3CCD968823F1D7A00019BEA9 /* FriendsCollectionViewController.swift */; };
		3CCD968B23F1D8320019BEA9 /* FriendsCollectionViewCell.swift in Sources */ = {isa = PBXBuildFile; fileRef = 3CCD968A23F1D8320019BEA9 /* FriendsCollectionViewCell.swift */; };
		3CCD968D23F5BFBD0019BEA9 /* CustomControl.swift in Sources */ = {isa = PBXBuildFile; fileRef = 3CCD968C23F5BFBD0019BEA9 /* CustomControl.swift */; };
		3CD926FA2425411800700643 /* Photo.swift in Sources */ = {isa = PBXBuildFile; fileRef = 3CD926F92425411800700643 /* Photo.swift */; };
		3CEBD927241E36CD002F0744 /* VKLoginViewController.swift in Sources */ = {isa = PBXBuildFile; fileRef = 3CEBD926241E36CD002F0744 /* VKLoginViewController.swift */; };
		3CEBD929241EA444002F0744 /* Services.swift in Sources */ = {isa = PBXBuildFile; fileRef = 3CEBD928241EA444002F0744 /* Services.swift */; };
		D8D46F4AAE6778876A5B5A60 /* Pods_VKontakte.framework in Frameworks */ = {isa = PBXBuildFile; fileRef = 957743EC7D0DA8518F5F9DA9 /* Pods_VKontakte.framework */; };
/* End PBXBuildFile section */

/* Begin PBXFileReference section */
		3C4A06D023E5EF5500569BF7 /* VKontakte.app */ = {isa = PBXFileReference; explicitFileType = wrapper.application; includeInIndex = 0; path = VKontakte.app; sourceTree = BUILT_PRODUCTS_DIR; };
		3C4A06D323E5EF5500569BF7 /* AppDelegate.swift */ = {isa = PBXFileReference; lastKnownFileType = sourcecode.swift; path = AppDelegate.swift; sourceTree = "<group>"; };
		3C4A06D523E5EF5500569BF7 /* SceneDelegate.swift */ = {isa = PBXFileReference; lastKnownFileType = sourcecode.swift; path = SceneDelegate.swift; sourceTree = "<group>"; };
		3C4A06D723E5EF5500569BF7 /* LoginViewController.swift */ = {isa = PBXFileReference; lastKnownFileType = sourcecode.swift; path = LoginViewController.swift; sourceTree = "<group>"; };
		3C4A06DA23E5EF5500569BF7 /* Base */ = {isa = PBXFileReference; lastKnownFileType = file.storyboard; name = Base; path = Base.lproj/Main.storyboard; sourceTree = "<group>"; };
		3C4A06DC23E5EF5900569BF7 /* Assets.xcassets */ = {isa = PBXFileReference; lastKnownFileType = folder.assetcatalog; path = Assets.xcassets; sourceTree = "<group>"; };
		3C4A06DF23E5EF5900569BF7 /* Base */ = {isa = PBXFileReference; lastKnownFileType = file.storyboard; name = Base; path = Base.lproj/LaunchScreen.storyboard; sourceTree = "<group>"; };
		3C4A06E123E5EF5900569BF7 /* Info.plist */ = {isa = PBXFileReference; lastKnownFileType = text.plist.xml; path = Info.plist; sourceTree = "<group>"; };
		3C566695242932F400DB5CF0 /* DataBase.swift */ = {isa = PBXFileReference; lastKnownFileType = sourcecode.swift; path = DataBase.swift; sourceTree = "<group>"; };
		3C5EF173243B348800AA2217 /* GoogleService-Info.plist */ = {isa = PBXFileReference; lastKnownFileType = text.plist; path = "GoogleService-Info.plist"; sourceTree = SOURCE_ROOT; };
		3C9E8D9E23FED75C00CD2773 /* NewsTableViewController.swift */ = {isa = PBXFileReference; lastKnownFileType = sourcecode.swift; path = NewsTableViewController.swift; sourceTree = "<group>"; };
		3C9E8DA023FEDC8600CD2773 /* TitleNewsTableViewCell.swift */ = {isa = PBXFileReference; lastKnownFileType = sourcecode.swift; path = TitleNewsTableViewCell.swift; sourceTree = "<group>"; };
		3C9E8DA223FEDC9C00CD2773 /* TextTableViewCell.swift */ = {isa = PBXFileReference; lastKnownFileType = sourcecode.swift; path = TextTableViewCell.swift; sourceTree = "<group>"; };
		3C9E8DA423FEDCAE00CD2773 /* PictureTableViewCell.swift */ = {isa = PBXFileReference; lastKnownFileType = sourcecode.swift; path = PictureTableViewCell.swift; sourceTree = "<group>"; };
		3C9E8DA623FEDCE400CD2773 /* LikesTableViewCell.swift */ = {isa = PBXFileReference; lastKnownFileType = sourcecode.swift; path = LikesTableViewCell.swift; sourceTree = "<group>"; };
		3C9E8DA823FF18FB00CD2773 /* CustomLineOfNews.swift */ = {isa = PBXFileReference; lastKnownFileType = sourcecode.swift; path = CustomLineOfNews.swift; sourceTree = "<group>"; };
		3C9E8DAB2402863A00CD2773 /* CustomIndicator.swift */ = {isa = PBXFileReference; lastKnownFileType = sourcecode.swift; path = CustomIndicator.swift; sourceTree = "<group>"; };
		3C9E8DAD2406D28400CD2773 /* PhotoAlbum.swift */ = {isa = PBXFileReference; lastKnownFileType = sourcecode.swift; path = PhotoAlbum.swift; sourceTree = "<group>"; };
		3C9E8DB0240D5E8A00CD2773 /* CustomNavigationController.swift */ = {isa = PBXFileReference; lastKnownFileType = sourcecode.swift; path = CustomNavigationController.swift; sourceTree = "<group>"; };
		3C9E8DB2240D634F00CD2773 /* CustomPopPushTransitioning.swift */ = {isa = PBXFileReference; lastKnownFileType = sourcecode.swift; path = CustomPopPushTransitioning.swift; sourceTree = "<group>"; };
		3C9E8DB4240EBD7600CD2773 /* CustomInteractiveTransition.swift */ = {isa = PBXFileReference; lastKnownFileType = sourcecode.swift; path = CustomInteractiveTransition.swift; sourceTree = "<group>"; };
		3CA5AC77241957A000C3D62E /* Session.swift */ = {isa = PBXFileReference; lastKnownFileType = sourcecode.swift; path = Session.swift; sourceTree = "<group>"; };
		3CAB4246243B2D23009580B7 /* GoogleService-Info.plist */ = {isa = PBXFileReference; lastKnownFileType = text.plist.xml; path = "GoogleService-Info.plist"; sourceTree = "<group>"; };
		3CB800C42430C70A0082A87F /* WebKit.framework */ = {isa = PBXFileReference; lastKnownFileType = wrapper.framework; name = WebKit.framework; path = System/Library/Frameworks/WebKit.framework; sourceTree = SDKROOT; };
		3CCD967623EEE7190019BEA9 /* FriendsController.swift */ = {isa = PBXFileReference; lastKnownFileType = sourcecode.swift; path = FriendsController.swift; sourceTree = "<group>"; };
		3CCD967923EEE8AC0019BEA9 /* FriendsTableViewCell.swift */ = {isa = PBXFileReference; lastKnownFileType = sourcecode.swift; path = FriendsTableViewCell.swift; sourceTree = "<group>"; };
		3CCD967C23EEE9E90019BEA9 /* MyGroupCell.swift */ = {isa = PBXFileReference; lastKnownFileType = sourcecode.swift; path = MyGroupCell.swift; sourceTree = "<group>"; };
		3CCD967E23EEE9FD0019BEA9 /* GroupCell.swift */ = {isa = PBXFileReference; lastKnownFileType = sourcecode.swift; path = GroupCell.swift; sourceTree = "<group>"; };
		3CCD968023EEEA150019BEA9 /* MyGroupController.swift */ = {isa = PBXFileReference; lastKnownFileType = sourcecode.swift; path = MyGroupController.swift; sourceTree = "<group>"; };
		3CCD968223EEEA270019BEA9 /* GroupController.swift */ = {isa = PBXFileReference; lastKnownFileType = sourcecode.swift; path = GroupController.swift; sourceTree = "<group>"; };
		3CCD968423EEF2DA0019BEA9 /* Friends.swift */ = {isa = PBXFileReference; lastKnownFileType = sourcecode.swift; path = Friends.swift; sourceTree = "<group>"; };
		3CCD968623EEF2F20019BEA9 /* Group.swift */ = {isa = PBXFileReference; lastKnownFileType = sourcecode.swift; path = Group.swift; sourceTree = "<group>"; };
		3CCD968823F1D7A00019BEA9 /* FriendsCollectionViewController.swift */ = {isa = PBXFileReference; lastKnownFileType = sourcecode.swift; path = FriendsCollectionViewController.swift; sourceTree = "<group>"; };
		3CCD968A23F1D8320019BEA9 /* FriendsCollectionViewCell.swift */ = {isa = PBXFileReference; lastKnownFileType = sourcecode.swift; path = FriendsCollectionViewCell.swift; sourceTree = "<group>"; };
		3CCD968C23F5BFBD0019BEA9 /* CustomControl.swift */ = {isa = PBXFileReference; lastKnownFileType = sourcecode.swift; path = CustomControl.swift; sourceTree = "<group>"; };
		3CD926F92425411800700643 /* Photo.swift */ = {isa = PBXFileReference; lastKnownFileType = sourcecode.swift; path = Photo.swift; sourceTree = "<group>"; };
		3CEBD926241E36CD002F0744 /* VKLoginViewController.swift */ = {isa = PBXFileReference; lastKnownFileType = sourcecode.swift; path = VKLoginViewController.swift; sourceTree = "<group>"; };
		3CEBD928241EA444002F0744 /* Services.swift */ = {isa = PBXFileReference; lastKnownFileType = sourcecode.swift; path = Services.swift; sourceTree = "<group>"; };
		3CEBD92A241EB3C8002F0744 /* Alamofire.framework */ = {isa = PBXFileReference; explicitFileType = wrapper.framework; path = Alamofire.framework; sourceTree = BUILT_PRODUCTS_DIR; };
		3CEBD92F241EB911002F0744 /* Alamofire.framework */ = {isa = PBXFileReference; explicitFileType = wrapper.framework; path = Alamofire.framework; sourceTree = BUILT_PRODUCTS_DIR; };
		63EE7C14CD5B56432EA3C2DC /* Pods-VKontakte.release.xcconfig */ = {isa = PBXFileReference; includeInIndex = 1; lastKnownFileType = text.xcconfig; name = "Pods-VKontakte.release.xcconfig"; path = "Target Support Files/Pods-VKontakte/Pods-VKontakte.release.xcconfig"; sourceTree = "<group>"; };
		957743EC7D0DA8518F5F9DA9 /* Pods_VKontakte.framework */ = {isa = PBXFileReference; explicitFileType = wrapper.framework; includeInIndex = 0; path = Pods_VKontakte.framework; sourceTree = BUILT_PRODUCTS_DIR; };
		C63009968F7060367EA4E5D9 /* Pods-VKontakte.debug.xcconfig */ = {isa = PBXFileReference; includeInIndex = 1; lastKnownFileType = text.xcconfig; name = "Pods-VKontakte.debug.xcconfig"; path = "Target Support Files/Pods-VKontakte/Pods-VKontakte.debug.xcconfig"; sourceTree = "<group>"; };
/* End PBXFileReference section */

/* Begin PBXFrameworksBuildPhase section */
		3C4A06CD23E5EF5500569BF7 /* Frameworks */ = {
			isa = PBXFrameworksBuildPhase;
			buildActionMask = 2147483647;
			files = (
				3CB800C52430C70A0082A87F /* WebKit.framework in Frameworks */,
				D8D46F4AAE6778876A5B5A60 /* Pods_VKontakte.framework in Frameworks */,
			);
			runOnlyForDeploymentPostprocessing = 0;
		};
/* End PBXFrameworksBuildPhase section */

/* Begin PBXGroup section */
		3C4A06C723E5EF5500569BF7 = {
			isa = PBXGroup;
			children = (
				3C4A06D223E5EF5500569BF7 /* VKontakte */,
				3C4A06D123E5EF5500569BF7 /* Products */,
				4959A659728AB08C5ADD0236 /* Pods */,
				DEC5EE4289697E064B21DFD6 /* Frameworks */,
			);
			sourceTree = "<group>";
		};
		3C4A06D123E5EF5500569BF7 /* Products */ = {
			isa = PBXGroup;
			children = (
				3C4A06D023E5EF5500569BF7 /* VKontakte.app */,
			);
			name = Products;
			sourceTree = "<group>";
		};
		3C4A06D223E5EF5500569BF7 /* VKontakte */ = {
			isa = PBXGroup;
			children = (
				3C5EF173243B348800AA2217 /* GoogleService-Info.plist */,
				3C9E8DAF240D5E5900CD2773 /* CustomThings */,
				3C9E8D9D23FED71B00CD2773 /* News */,
				3CCD967B23EEE9C40019BEA9 /* Groups */,
				3CCD967823EEE7210019BEA9 /* Friends */,
				3C4A06D323E5EF5500569BF7 /* AppDelegate.swift */,
				3C4A06D523E5EF5500569BF7 /* SceneDelegate.swift */,
				3C4A06D723E5EF5500569BF7 /* LoginViewController.swift */,
				3C4A06D923E5EF5500569BF7 /* Main.storyboard */,
				3C4A06DC23E5EF5900569BF7 /* Assets.xcassets */,
				3C4A06DE23E5EF5900569BF7 /* LaunchScreen.storyboard */,
				3CAB4246243B2D23009580B7 /* GoogleService-Info.plist */,
				3C4A06E123E5EF5900569BF7 /* Info.plist */,
				3CA5AC77241957A000C3D62E /* Session.swift */,
				3CEBD928241EA444002F0744 /* Services.swift */,
				3C566695242932F400DB5CF0 /* DataBase.swift */,
			);
			path = VKontakte;
			sourceTree = "<group>";
		};
		3C9E8D9D23FED71B00CD2773 /* News */ = {
			isa = PBXGroup;
			children = (
				3C9E8D9E23FED75C00CD2773 /* NewsTableViewController.swift */,
				3C9E8DA023FEDC8600CD2773 /* TitleNewsTableViewCell.swift */,
				3C9E8DA223FEDC9C00CD2773 /* TextTableViewCell.swift */,
				3C9E8DA423FEDCAE00CD2773 /* PictureTableViewCell.swift */,
				3C9E8DA623FEDCE400CD2773 /* LikesTableViewCell.swift */,
				3C9E8DA823FF18FB00CD2773 /* CustomLineOfNews.swift */,
			);
			path = News;
			sourceTree = "<group>";
		};
		3C9E8DAF240D5E5900CD2773 /* CustomThings */ = {
			isa = PBXGroup;
			children = (
				3C9E8DAB2402863A00CD2773 /* CustomIndicator.swift */,
				3C9E8DB0240D5E8A00CD2773 /* CustomNavigationController.swift */,
				3C9E8DB2240D634F00CD2773 /* CustomPopPushTransitioning.swift */,
				3C9E8DB4240EBD7600CD2773 /* CustomInteractiveTransition.swift */,
			);
			path = CustomThings;
			sourceTree = "<group>";
		};
		3CCD967823EEE7210019BEA9 /* Friends */ = {
			isa = PBXGroup;
			children = (
				3CCD968423EEF2DA0019BEA9 /* Friends.swift */,
				3CCD967623EEE7190019BEA9 /* FriendsController.swift */,
				3CCD967923EEE8AC0019BEA9 /* FriendsTableViewCell.swift */,
				3CCD968823F1D7A00019BEA9 /* FriendsCollectionViewController.swift */,
				3CCD968A23F1D8320019BEA9 /* FriendsCollectionViewCell.swift */,
				3CCD968C23F5BFBD0019BEA9 /* CustomControl.swift */,
				3C9E8DAD2406D28400CD2773 /* PhotoAlbum.swift */,
				3CEBD926241E36CD002F0744 /* VKLoginViewController.swift */,
				3CD926F92425411800700643 /* Photo.swift */,
			);
			path = Friends;
			sourceTree = "<group>";
		};
		3CCD967B23EEE9C40019BEA9 /* Groups */ = {
			isa = PBXGroup;
			children = (
				3CCD968623EEF2F20019BEA9 /* Group.swift */,
				3CCD967C23EEE9E90019BEA9 /* MyGroupCell.swift */,
				3CCD967E23EEE9FD0019BEA9 /* GroupCell.swift */,
				3CCD968023EEEA150019BEA9 /* MyGroupController.swift */,
				3CCD968223EEEA270019BEA9 /* GroupController.swift */,
			);
			path = Groups;
			sourceTree = "<group>";
		};
		4959A659728AB08C5ADD0236 /* Pods */ = {
			isa = PBXGroup;
			children = (
				C63009968F7060367EA4E5D9 /* Pods-VKontakte.debug.xcconfig */,
				63EE7C14CD5B56432EA3C2DC /* Pods-VKontakte.release.xcconfig */,
			);
			path = Pods;
			sourceTree = "<group>";
		};
		DEC5EE4289697E064B21DFD6 /* Frameworks */ = {
			isa = PBXGroup;
			children = (
				3CB800C42430C70A0082A87F /* WebKit.framework */,
				3CEBD92F241EB911002F0744 /* Alamofire.framework */,
				3CEBD92A241EB3C8002F0744 /* Alamofire.framework */,
				957743EC7D0DA8518F5F9DA9 /* Pods_VKontakte.framework */,
			);
			name = Frameworks;
			sourceTree = "<group>";
		};
/* End PBXGroup section */

/* Begin PBXNativeTarget section */
		3C4A06CF23E5EF5500569BF7 /* VKontakte */ = {
			isa = PBXNativeTarget;
			buildConfigurationList = 3C4A06E423E5EF5900569BF7 /* Build configuration list for PBXNativeTarget "VKontakte" */;
			buildPhases = (
				C29EA8203C62F49A4EFA4AB7 /* [CP] Check Pods Manifest.lock */,
				3C4A06CC23E5EF5500569BF7 /* Sources */,
				3C4A06CD23E5EF5500569BF7 /* Frameworks */,
				3C4A06CE23E5EF5500569BF7 /* Resources */,
				DB57E0B90CAA9DBCBE431AEF /* [CP] Embed Pods Frameworks */,
			);
			buildRules = (
			);
			dependencies = (
			);
			name = VKontakte;
			productName = VKontakte;
			productReference = 3C4A06D023E5EF5500569BF7 /* VKontakte.app */;
			productType = "com.apple.product-type.application";
		};
/* End PBXNativeTarget section */

/* Begin PBXProject section */
		3C4A06C823E5EF5500569BF7 /* Project object */ = {
			isa = PBXProject;
			attributes = {
				LastSwiftUpdateCheck = 1130;
				LastUpgradeCheck = 1130;
				ORGANIZATIONNAME = "Галина  Бровина ";
				TargetAttributes = {
					3C4A06CF23E5EF5500569BF7 = {
						CreatedOnToolsVersion = 11.3.1;
					};
				};
			};
			buildConfigurationList = 3C4A06CB23E5EF5500569BF7 /* Build configuration list for PBXProject "VKontakte" */;
			compatibilityVersion = "Xcode 9.3";
			developmentRegion = en;
			hasScannedForEncodings = 0;
			knownRegions = (
				en,
				Base,
			);
			mainGroup = 3C4A06C723E5EF5500569BF7;
			productRefGroup = 3C4A06D123E5EF5500569BF7 /* Products */;
			projectDirPath = "";
			projectRoot = "";
			targets = (
				3C4A06CF23E5EF5500569BF7 /* VKontakte */,
			);
		};
/* End PBXProject section */

/* Begin PBXResourcesBuildPhase section */
		3C4A06CE23E5EF5500569BF7 /* Resources */ = {
			isa = PBXResourcesBuildPhase;
			buildActionMask = 2147483647;
			files = (
				3C4A06E023E5EF5900569BF7 /* LaunchScreen.storyboard in Resources */,
				3C5EF174243B348800AA2217 /* GoogleService-Info.plist in Resources */,
				3C4A06DD23E5EF5900569BF7 /* Assets.xcassets in Resources */,
				3C4A06DB23E5EF5500569BF7 /* Main.storyboard in Resources */,
			);
			runOnlyForDeploymentPostprocessing = 0;
		};
/* End PBXResourcesBuildPhase section */

/* Begin PBXShellScriptBuildPhase section */
		C29EA8203C62F49A4EFA4AB7 /* [CP] Check Pods Manifest.lock */ = {
			isa = PBXShellScriptBuildPhase;
			buildActionMask = 2147483647;
			files = (
			);
			inputFileListPaths = (
			);
			inputPaths = (
				"${PODS_PODFILE_DIR_PATH}/Podfile.lock",
				"${PODS_ROOT}/Manifest.lock",
			);
			name = "[CP] Check Pods Manifest.lock";
			outputFileListPaths = (
			);
			outputPaths = (
				"$(DERIVED_FILE_DIR)/Pods-VKontakte-checkManifestLockResult.txt",
			);
			runOnlyForDeploymentPostprocessing = 0;
			shellPath = /bin/sh;
			shellScript = "diff \"${PODS_PODFILE_DIR_PATH}/Podfile.lock\" \"${PODS_ROOT}/Manifest.lock\" > /dev/null\nif [ $? != 0 ] ; then\n    # print error to STDERR\n    echo \"error: The sandbox is not in sync with the Podfile.lock. Run 'pod install' or update your CocoaPods installation.\" >&2\n    exit 1\nfi\n# This output is used by Xcode 'outputs' to avoid re-running this script phase.\necho \"SUCCESS\" > \"${SCRIPT_OUTPUT_FILE_0}\"\n";
			showEnvVarsInLog = 0;
		};
		DB57E0B90CAA9DBCBE431AEF /* [CP] Embed Pods Frameworks */ = {
			isa = PBXShellScriptBuildPhase;
			buildActionMask = 2147483647;
			files = (
			);
			inputFileListPaths = (
				"${PODS_ROOT}/Target Support Files/Pods-VKontakte/Pods-VKontakte-frameworks-${CONFIGURATION}-input-files.xcfilelist",
			);
			name = "[CP] Embed Pods Frameworks";
			outputFileListPaths = (
				"${PODS_ROOT}/Target Support Files/Pods-VKontakte/Pods-VKontakte-frameworks-${CONFIGURATION}-output-files.xcfilelist",
			);
			runOnlyForDeploymentPostprocessing = 0;
			shellPath = /bin/sh;
			shellScript = "\"${PODS_ROOT}/Target Support Files/Pods-VKontakte/Pods-VKontakte-frameworks.sh\"\n";
			showEnvVarsInLog = 0;
		};
/* End PBXShellScriptBuildPhase section */

/* Begin PBXSourcesBuildPhase section */
		3C4A06CC23E5EF5500569BF7 /* Sources */ = {
			isa = PBXSourcesBuildPhase;
			buildActionMask = 2147483647;
			files = (
				3CCD968723EEF2F20019BEA9 /* Group.swift in Sources */,
				3CCD967F23EEE9FD0019BEA9 /* GroupCell.swift in Sources */,
				3CCD968123EEEA150019BEA9 /* MyGroupController.swift in Sources */,
				3CCD968323EEEA270019BEA9 /* GroupController.swift in Sources */,
				3CCD968D23F5BFBD0019BEA9 /* CustomControl.swift in Sources */,
				3CCD968523EEF2DA0019BEA9 /* Friends.swift in Sources */,
				3C4A06D823E5EF5500569BF7 /* LoginViewController.swift in Sources */,
				3C9E8DB1240D5E8A00CD2773 /* CustomNavigationController.swift in Sources */,
				3C9E8DA723FEDCE400CD2773 /* LikesTableViewCell.swift in Sources */,
				3CCD968923F1D7A00019BEA9 /* FriendsCollectionViewController.swift in Sources */,
				3C566696242932F400DB5CF0 /* DataBase.swift in Sources */,
				3C9E8D9F23FED75C00CD2773 /* NewsTableViewController.swift in Sources */,
				3C9E8DA123FEDC8600CD2773 /* TitleNewsTableViewCell.swift in Sources */,
				3C4A06D423E5EF5500569BF7 /* AppDelegate.swift in Sources */,
				3C9E8DB5240EBD7600CD2773 /* CustomInteractiveTransition.swift in Sources */,
				3C9E8DAE2406D28400CD2773 /* PhotoAlbum.swift in Sources */,
				3CCD967723EEE7190019BEA9 /* FriendsController.swift in Sources */,
				3CCD967D23EEE9E90019BEA9 /* MyGroupCell.swift in Sources */,
				3CEBD929241EA444002F0744 /* Services.swift in Sources */,
				3C9E8DA923FF18FB00CD2773 /* CustomLineOfNews.swift in Sources */,
				3C9E8DA323FEDC9C00CD2773 /* TextTableViewCell.swift in Sources */,
				3CEBD927241E36CD002F0744 /* VKLoginViewController.swift in Sources */,
				3C9E8DA523FEDCAE00CD2773 /* PictureTableViewCell.swift in Sources */,
				3CA5AC78241957A000C3D62E /* Session.swift in Sources */,
				3C9E8DAC2402863A00CD2773 /* CustomIndicator.swift in Sources */,
				3C9E8DB3240D634F00CD2773 /* CustomPopPushTransitioning.swift in Sources */,
				3CCD967A23EEE8AC0019BEA9 /* FriendsTableViewCell.swift in Sources */,
				3C4A06D623E5EF5500569BF7 /* SceneDelegate.swift in Sources */,
				3CCD968B23F1D8320019BEA9 /* FriendsCollectionViewCell.swift in Sources */,
				3CD926FA2425411800700643 /* Photo.swift in Sources */,
			);
			runOnlyForDeploymentPostprocessing = 0;
		};
/* End PBXSourcesBuildPhase section */

/* Begin PBXVariantGroup section */
		3C4A06D923E5EF5500569BF7 /* Main.storyboard */ = {
			isa = PBXVariantGroup;
			children = (
				3C4A06DA23E5EF5500569BF7 /* Base */,
			);
			name = Main.storyboard;
			sourceTree = "<group>";
		};
		3C4A06DE23E5EF5900569BF7 /* LaunchScreen.storyboard */ = {
			isa = PBXVariantGroup;
			children = (
				3C4A06DF23E5EF5900569BF7 /* Base */,
			);
			name = LaunchScreen.storyboard;
			sourceTree = "<group>";
		};
/* End PBXVariantGroup section */

/* Begin XCBuildConfiguration section */
		3C4A06E223E5EF5900569BF7 /* Debug */ = {
			isa = XCBuildConfiguration;
			buildSettings = {
				ALWAYS_SEARCH_USER_PATHS = NO;
				CLANG_ANALYZER_NONNULL = YES;
				CLANG_ANALYZER_NUMBER_OBJECT_CONVERSION = YES_AGGRESSIVE;
				CLANG_CXX_LANGUAGE_STANDARD = "gnu++14";
				CLANG_CXX_LIBRARY = "libc++";
				CLANG_ENABLE_MODULES = YES;
				CLANG_ENABLE_OBJC_ARC = YES;
				CLANG_ENABLE_OBJC_WEAK = YES;
				CLANG_WARN_BLOCK_CAPTURE_AUTORELEASING = YES;
				CLANG_WARN_BOOL_CONVERSION = YES;
				CLANG_WARN_COMMA = YES;
				CLANG_WARN_CONSTANT_CONVERSION = YES;
				CLANG_WARN_DEPRECATED_OBJC_IMPLEMENTATIONS = YES;
				CLANG_WARN_DIRECT_OBJC_ISA_USAGE = YES_ERROR;
				CLANG_WARN_DOCUMENTATION_COMMENTS = YES;
				CLANG_WARN_EMPTY_BODY = YES;
				CLANG_WARN_ENUM_CONVERSION = YES;
				CLANG_WARN_INFINITE_RECURSION = YES;
				CLANG_WARN_INT_CONVERSION = YES;
				CLANG_WARN_NON_LITERAL_NULL_CONVERSION = YES;
				CLANG_WARN_OBJC_IMPLICIT_RETAIN_SELF = YES;
				CLANG_WARN_OBJC_LITERAL_CONVERSION = YES;
				CLANG_WARN_OBJC_ROOT_CLASS = YES_ERROR;
				CLANG_WARN_RANGE_LOOP_ANALYSIS = YES;
				CLANG_WARN_STRICT_PROTOTYPES = YES;
				CLANG_WARN_SUSPICIOUS_MOVE = YES;
				CLANG_WARN_UNGUARDED_AVAILABILITY = YES_AGGRESSIVE;
				CLANG_WARN_UNREACHABLE_CODE = YES;
				CLANG_WARN__DUPLICATE_METHOD_MATCH = YES;
				COPY_PHASE_STRIP = NO;
				DEBUG_INFORMATION_FORMAT = dwarf;
				ENABLE_STRICT_OBJC_MSGSEND = YES;
				ENABLE_TESTABILITY = YES;
				GCC_C_LANGUAGE_STANDARD = gnu11;
				GCC_DYNAMIC_NO_PIC = NO;
				GCC_NO_COMMON_BLOCKS = YES;
				GCC_OPTIMIZATION_LEVEL = 0;
				GCC_PREPROCESSOR_DEFINITIONS = (
					"DEBUG=1",
					"$(inherited)",
				);
				GCC_WARN_64_TO_32_BIT_CONVERSION = YES;
				GCC_WARN_ABOUT_RETURN_TYPE = YES_ERROR;
				GCC_WARN_UNDECLARED_SELECTOR = YES;
				GCC_WARN_UNINITIALIZED_AUTOS = YES_AGGRESSIVE;
				GCC_WARN_UNUSED_FUNCTION = YES;
				GCC_WARN_UNUSED_VARIABLE = YES;
				IPHONEOS_DEPLOYMENT_TARGET = 13.2;
				MTL_ENABLE_DEBUG_INFO = INCLUDE_SOURCE;
				MTL_FAST_MATH = YES;
				ONLY_ACTIVE_ARCH = YES;
				SDKROOT = iphoneos;
				SWIFT_ACTIVE_COMPILATION_CONDITIONS = DEBUG;
				SWIFT_OPTIMIZATION_LEVEL = "-Onone";
			};
			name = Debug;
		};
		3C4A06E323E5EF5900569BF7 /* Release */ = {
			isa = XCBuildConfiguration;
			buildSettings = {
				ALWAYS_SEARCH_USER_PATHS = NO;
				CLANG_ANALYZER_NONNULL = YES;
				CLANG_ANALYZER_NUMBER_OBJECT_CONVERSION = YES_AGGRESSIVE;
				CLANG_CXX_LANGUAGE_STANDARD = "gnu++14";
				CLANG_CXX_LIBRARY = "libc++";
				CLANG_ENABLE_MODULES = YES;
				CLANG_ENABLE_OBJC_ARC = YES;
				CLANG_ENABLE_OBJC_WEAK = YES;
				CLANG_WARN_BLOCK_CAPTURE_AUTORELEASING = YES;
				CLANG_WARN_BOOL_CONVERSION = YES;
				CLANG_WARN_COMMA = YES;
				CLANG_WARN_CONSTANT_CONVERSION = YES;
				CLANG_WARN_DEPRECATED_OBJC_IMPLEMENTATIONS = YES;
				CLANG_WARN_DIRECT_OBJC_ISA_USAGE = YES_ERROR;
				CLANG_WARN_DOCUMENTATION_COMMENTS = YES;
				CLANG_WARN_EMPTY_BODY = YES;
				CLANG_WARN_ENUM_CONVERSION = YES;
				CLANG_WARN_INFINITE_RECURSION = YES;
				CLANG_WARN_INT_CONVERSION = YES;
				CLANG_WARN_NON_LITERAL_NULL_CONVERSION = YES;
				CLANG_WARN_OBJC_IMPLICIT_RETAIN_SELF = YES;
				CLANG_WARN_OBJC_LITERAL_CONVERSION = YES;
				CLANG_WARN_OBJC_ROOT_CLASS = YES_ERROR;
				CLANG_WARN_RANGE_LOOP_ANALYSIS = YES;
				CLANG_WARN_STRICT_PROTOTYPES = YES;
				CLANG_WARN_SUSPICIOUS_MOVE = YES;
				CLANG_WARN_UNGUARDED_AVAILABILITY = YES_AGGRESSIVE;
				CLANG_WARN_UNREACHABLE_CODE = YES;
				CLANG_WARN__DUPLICATE_METHOD_MATCH = YES;
				COPY_PHASE_STRIP = NO;
				DEBUG_INFORMATION_FORMAT = "dwarf-with-dsym";
				ENABLE_NS_ASSERTIONS = NO;
				ENABLE_STRICT_OBJC_MSGSEND = YES;
				GCC_C_LANGUAGE_STANDARD = gnu11;
				GCC_NO_COMMON_BLOCKS = YES;
				GCC_WARN_64_TO_32_BIT_CONVERSION = YES;
				GCC_WARN_ABOUT_RETURN_TYPE = YES_ERROR;
				GCC_WARN_UNDECLARED_SELECTOR = YES;
				GCC_WARN_UNINITIALIZED_AUTOS = YES_AGGRESSIVE;
				GCC_WARN_UNUSED_FUNCTION = YES;
				GCC_WARN_UNUSED_VARIABLE = YES;
				IPHONEOS_DEPLOYMENT_TARGET = 13.2;
				MTL_ENABLE_DEBUG_INFO = NO;
				MTL_FAST_MATH = YES;
				SDKROOT = iphoneos;
				SWIFT_COMPILATION_MODE = wholemodule;
				SWIFT_OPTIMIZATION_LEVEL = "-O";
				VALIDATE_PRODUCT = YES;
			};
			name = Release;
		};
		3C4A06E523E5EF5900569BF7 /* Debug */ = {
			isa = XCBuildConfiguration;
			baseConfigurationReference = C63009968F7060367EA4E5D9 /* Pods-VKontakte.debug.xcconfig */;
			buildSettings = {
				ASSETCATALOG_COMPILER_APPICON_NAME = AppIcon;
				CODE_SIGN_STYLE = Automatic;
				DEVELOPMENT_TEAM = D2UARNTVZR;
				INFOPLIST_FILE = VKontakte/Info.plist;
				LD_RUNPATH_SEARCH_PATHS = (
					"$(inherited)",
					"@executable_path/Frameworks",
				);
				PRODUCT_BUNDLE_IDENTIFIER = ru.BrovinaGalina.VKontakte;
				PRODUCT_NAME = "$(TARGET_NAME)";
				SWIFT_VERSION = 5.0;
				TARGETED_DEVICE_FAMILY = "1,2";
			};
			name = Debug;
		};
		3C4A06E623E5EF5900569BF7 /* Release */ = {
			isa = XCBuildConfiguration;
			baseConfigurationReference = 63EE7C14CD5B56432EA3C2DC /* Pods-VKontakte.release.xcconfig */;
			buildSettings = {
				ASSETCATALOG_COMPILER_APPICON_NAME = AppIcon;
				CODE_SIGN_STYLE = Automatic;
				DEVELOPMENT_TEAM = D2UARNTVZR;
				INFOPLIST_FILE = VKontakte/Info.plist;
				LD_RUNPATH_SEARCH_PATHS = (
					"$(inherited)",
					"@executable_path/Frameworks",
				);
				PRODUCT_BUNDLE_IDENTIFIER = ru.BrovinaGalina.VKontakte;
				PRODUCT_NAME = "$(TARGET_NAME)";
				SWIFT_VERSION = 5.0;
				TARGETED_DEVICE_FAMILY = "1,2";
			};
			name = Release;
		};
/* End XCBuildConfiguration section */

/* Begin XCConfigurationList section */
		3C4A06CB23E5EF5500569BF7 /* Build configuration list for PBXProject "VKontakte" */ = {
			isa = XCConfigurationList;
			buildConfigurations = (
				3C4A06E223E5EF5900569BF7 /* Debug */,
				3C4A06E323E5EF5900569BF7 /* Release */,
			);
			defaultConfigurationIsVisible = 0;
			defaultConfigurationName = Release;
		};
		3C4A06E423E5EF5900569BF7 /* Build configuration list for PBXNativeTarget "VKontakte" */ = {
			isa = XCConfigurationList;
			buildConfigurations = (
				3C4A06E523E5EF5900569BF7 /* Debug */,
				3C4A06E623E5EF5900569BF7 /* Release */,
			);
			defaultConfigurationIsVisible = 0;
			defaultConfigurationName = Release;
		};
/* End XCConfigurationList section */
	};
	rootObject = 3C4A06C823E5EF5500569BF7 /* Project object */;
}
